
Microsoft Visual Studio Solution File, Format Version 12.00
# Visual Studio 15
VisualStudioVersion = 15.0.27703.2042
MinimumVisualStudioVersion = 10.0.40219.1
Project("{FAE04EC0-301F-11D3-BF4B-00C04F79EFBC}") = "Calculator2", "Calculator2\Calculator2.csproj", "{B72D876E-544C-4F9B-9048-48995B9D0AC7}"
EndProject
Global
	GlobalSection(SolutionConfigurationPlatforms) = preSolution
		Debug|Any CPU = Debug|Any CPU
		Release|Any CPU = Release|Any CPU
	EndGlobalSection
	GlobalSection(ProjectConfigurationPlatforms) = postSolution
		{B72D876E-544C-4F9B-9048-48995B9D0AC7}.Debug|Any CPU.ActiveCfg = Debug|Any CPU
		{B72D876E-544C-4F9B-9048-48995B9D0AC7}.Debug|Any CPU.Build.0 = Debug|Any CPU
		{B72D876E-544C-4F9B-9048-48995B9D0AC7}.Release|Any CPU.ActiveCfg = Release|Any CPU
		{B72D876E-544C-4F9B-9048-48995B9D0AC7}.Release|Any CPU.Build.0 = Release|Any CPU
	EndGlobalSection
	GlobalSection(SolutionProperties) = preSolution
		HideSolutionNode = FALSE
	EndGlobalSection
	GlobalSection(ExtensibilityGlobals) = postSolution
		SolutionGuid = {E19827A6-9CF0-486A-BD80-93EA50B1A28C}
	EndGlobalSection
EndGlobal
